
Microsoft Visual Studio Solution File, Format Version 12.00
# Visual Studio Version 17
VisualStudioVersion = 17.3.32929.385
MinimumVisualStudioVersion = 10.0.40219.1
Project("{FAE04EC0-301F-11D3-BF4B-00C04F79EFBC}") = "Atbash-solver", "Atbash-solver.csproj", "{0E1496D4-D044-4ED0-9856-0B233A1F48BB}"
EndProject
Global
	GlobalSection(SolutionConfigurationPlatforms) = preSolution
		Debug|Any CPU = Debug|Any CPU
		Release|Any CPU = Release|Any CPU
	EndGlobalSection
	GlobalSection(ProjectConfigurationPlatforms) = postSolution
		{0E1496D4-D044-4ED0-9856-0B233A1F48BB}.Debug|Any CPU.ActiveCfg = Debug|Any CPU
		{0E1496D4-D044-4ED0-9856-0B233A1F48BB}.Debug|Any CPU.Build.0 = Debug|Any CPU
		{0E1496D4-D044-4ED0-9856-0B233A1F48BB}.Release|Any CPU.ActiveCfg = Release|Any CPU
		{0E1496D4-D044-4ED0-9856-0B233A1F48BB}.Release|Any CPU.Build.0 = Release|Any CPU
	EndGlobalSection
	GlobalSection(SolutionProperties) = preSolution
		HideSolutionNode = FALSE
	EndGlobalSection
	GlobalSection(ExtensibilityGlobals) = postSolution
		SolutionGuid = {B5A9BF4F-8648-4473-A19E-4D407A45A9D6}
	EndGlobalSection
EndGlobal
